// !$*UTF8*$!
{
	archiveVersion = 1;
	classes = {
	};
	objectVersion = 55;
	objects = {

/* Begin PBXBuildFile section */
		C2F249442756C8CB005C6024 /* AppDelegate.swift in Sources */ = {isa = PBXBuildFile; fileRef = C2F249432756C8CB005C6024 /* AppDelegate.swift */; };
		C2F249462756C8CB005C6024 /* SceneDelegate.swift in Sources */ = {isa = PBXBuildFile; fileRef = C2F249452756C8CB005C6024 /* SceneDelegate.swift */; };
		C2F249482756C8CB005C6024 /* ViewController.swift in Sources */ = {isa = PBXBuildFile; fileRef = C2F249472756C8CB005C6024 /* ViewController.swift */; };
		C2F2494B2756C8CB005C6024 /* Main.storyboard in Resources */ = {isa = PBXBuildFile; fileRef = C2F249492756C8CB005C6024 /* Main.storyboard */; };
		C2F2494D2756C8D4005C6024 /* Assets.xcassets in Resources */ = {isa = PBXBuildFile; fileRef = C2F2494C2756C8D4005C6024 /* Assets.xcassets */; };
		C2F249502756C8D4005C6024 /* LaunchScreen.storyboard in Resources */ = {isa = PBXBuildFile; fileRef = C2F2494E2756C8D4005C6024 /* LaunchScreen.storyboard */; };
		C2F2495B2756C8D5005C6024 /* DigioTestTests.swift in Sources */ = {isa = PBXBuildFile; fileRef = C2F2495A2756C8D5005C6024 /* DigioTestTests.swift */; };
		C2F249652756C8D5005C6024 /* DigioTestUITests.swift in Sources */ = {isa = PBXBuildFile; fileRef = C2F249642756C8D5005C6024 /* DigioTestUITests.swift */; };
		C2F249672756C8D5005C6024 /* DigioTestUITestsLaunchTests.swift in Sources */ = {isa = PBXBuildFile; fileRef = C2F249662756C8D5005C6024 /* DigioTestUITestsLaunchTests.swift */; };
		C2F249792756CCE1005C6024 /* HomeViewController.swift in Sources */ = {isa = PBXBuildFile; fileRef = C2F249782756CCE1005C6024 /* HomeViewController.swift */; };
		C2F2497C2756CD95005C6024 /* ProductViewController.swift in Sources */ = {isa = PBXBuildFile; fileRef = C2F2497B2756CD94005C6024 /* ProductViewController.swift */; };
		C2F2497E2756CE3D005C6024 /* HomeView.swift in Sources */ = {isa = PBXBuildFile; fileRef = C2F2497D2756CE3D005C6024 /* HomeView.swift */; };
		C2F249812756CED8005C6024 /* ProductView.swift in Sources */ = {isa = PBXBuildFile; fileRef = C2F249802756CED8005C6024 /* ProductView.swift */; };
		C2F249882756D2FE005C6024 /* Outfit-Thin.ttf in Resources */ = {isa = PBXBuildFile; fileRef = C2F249852756D2FE005C6024 /* Outfit-Thin.ttf */; };
		C2F249892756D2FE005C6024 /* Outfit-Light.ttf in Resources */ = {isa = PBXBuildFile; fileRef = C2F249862756D2FE005C6024 /* Outfit-Light.ttf */; };
		C2F2498A2756D2FE005C6024 /* Outfit-Medium.ttf in Resources */ = {isa = PBXBuildFile; fileRef = C2F249872756D2FE005C6024 /* Outfit-Medium.ttf */; };
		C2F2498C2756D4B8005C6024 /* SectionTitle.swift in Sources */ = {isa = PBXBuildFile; fileRef = C2F2498B2756D4B8005C6024 /* SectionTitle.swift */; };
		C2F2498F2756D5B9005C6024 /* Color+Extension.swift in Sources */ = {isa = PBXBuildFile; fileRef = C2F2498E2756D5B9005C6024 /* Color+Extension.swift */; };
		C2F249912756DDB0005C6024 /* View+Extension.swift in Sources */ = {isa = PBXBuildFile; fileRef = C2F249902756DDB0005C6024 /* View+Extension.swift */; };
		C2F2499327579DF9005C6024 /* UserHeader.swift in Sources */ = {isa = PBXBuildFile; fileRef = C2F2499227579DF9005C6024 /* UserHeader.swift */; };
		C2F249952757AB5B005C6024 /* HomeViewModel.swift in Sources */ = {isa = PBXBuildFile; fileRef = C2F249942757AB5B005C6024 /* HomeViewModel.swift */; };
		C2F249972757B224005C6024 /* SectionGroup.swift in Sources */ = {isa = PBXBuildFile; fileRef = C2F249962757B224005C6024 /* SectionGroup.swift */; };
		C2F249992757B533005C6024 /* CellImageContainer.swift in Sources */ = {isa = PBXBuildFile; fileRef = C2F249982757B533005C6024 /* CellImageContainer.swift */; };
/* End PBXBuildFile section */

/* Begin PBXContainerItemProxy section */
		C2F249572756C8D5005C6024 /* PBXContainerItemProxy */ = {
			isa = PBXContainerItemProxy;
			containerPortal = C2F249382756C8CB005C6024 /* Project object */;
			proxyType = 1;
			remoteGlobalIDString = C2F2493F2756C8CB005C6024;
			remoteInfo = DigioTest;
		};
		C2F249612756C8D5005C6024 /* PBXContainerItemProxy */ = {
			isa = PBXContainerItemProxy;
			containerPortal = C2F249382756C8CB005C6024 /* Project object */;
			proxyType = 1;
			remoteGlobalIDString = C2F2493F2756C8CB005C6024;
			remoteInfo = DigioTest;
		};
/* End PBXContainerItemProxy section */

/* Begin PBXFileReference section */
		C2F249402756C8CB005C6024 /* DigioTest.app */ = {isa = PBXFileReference; explicitFileType = wrapper.application; includeInIndex = 0; path = DigioTest.app; sourceTree = BUILT_PRODUCTS_DIR; };
		C2F249432756C8CB005C6024 /* AppDelegate.swift */ = {isa = PBXFileReference; lastKnownFileType = sourcecode.swift; path = AppDelegate.swift; sourceTree = "<group>"; };
		C2F249452756C8CB005C6024 /* SceneDelegate.swift */ = {isa = PBXFileReference; lastKnownFileType = sourcecode.swift; path = SceneDelegate.swift; sourceTree = "<group>"; };
		C2F249472756C8CB005C6024 /* ViewController.swift */ = {isa = PBXFileReference; lastKnownFileType = sourcecode.swift; path = ViewController.swift; sourceTree = "<group>"; };
		C2F2494A2756C8CB005C6024 /* Base */ = {isa = PBXFileReference; lastKnownFileType = file.storyboard; name = Base; path = Base.lproj/Main.storyboard; sourceTree = "<group>"; };
		C2F2494C2756C8D4005C6024 /* Assets.xcassets */ = {isa = PBXFileReference; lastKnownFileType = folder.assetcatalog; path = Assets.xcassets; sourceTree = "<group>"; };
		C2F2494F2756C8D4005C6024 /* Base */ = {isa = PBXFileReference; lastKnownFileType = file.storyboard; name = Base; path = Base.lproj/LaunchScreen.storyboard; sourceTree = "<group>"; };
		C2F249512756C8D4005C6024 /* Info.plist */ = {isa = PBXFileReference; lastKnownFileType = text.plist.xml; path = Info.plist; sourceTree = "<group>"; };
		C2F249562756C8D5005C6024 /* DigioTestTests.xctest */ = {isa = PBXFileReference; explicitFileType = wrapper.cfbundle; includeInIndex = 0; path = DigioTestTests.xctest; sourceTree = BUILT_PRODUCTS_DIR; };
		C2F2495A2756C8D5005C6024 /* DigioTestTests.swift */ = {isa = PBXFileReference; lastKnownFileType = sourcecode.swift; path = DigioTestTests.swift; sourceTree = "<group>"; };
		C2F249602756C8D5005C6024 /* DigioTestUITests.xctest */ = {isa = PBXFileReference; explicitFileType = wrapper.cfbundle; includeInIndex = 0; path = DigioTestUITests.xctest; sourceTree = BUILT_PRODUCTS_DIR; };
		C2F249642756C8D5005C6024 /* DigioTestUITests.swift */ = {isa = PBXFileReference; lastKnownFileType = sourcecode.swift; path = DigioTestUITests.swift; sourceTree = "<group>"; };
		C2F249662756C8D5005C6024 /* DigioTestUITestsLaunchTests.swift */ = {isa = PBXFileReference; lastKnownFileType = sourcecode.swift; path = DigioTestUITestsLaunchTests.swift; sourceTree = "<group>"; };
		C2F249782756CCE1005C6024 /* HomeViewController.swift */ = {isa = PBXFileReference; lastKnownFileType = sourcecode.swift; path = HomeViewController.swift; sourceTree = "<group>"; };
		C2F2497B2756CD94005C6024 /* ProductViewController.swift */ = {isa = PBXFileReference; lastKnownFileType = sourcecode.swift; path = ProductViewController.swift; sourceTree = "<group>"; };
		C2F2497D2756CE3D005C6024 /* HomeView.swift */ = {isa = PBXFileReference; lastKnownFileType = sourcecode.swift; name = HomeView.swift; path = ../../../../HomeView.swift; sourceTree = "<group>"; };
		C2F249802756CED8005C6024 /* ProductView.swift */ = {isa = PBXFileReference; lastKnownFileType = sourcecode.swift; name = ProductView.swift; path = ../../../../ProductView.swift; sourceTree = "<group>"; };
		C2F249852756D2FE005C6024 /* Outfit-Thin.ttf */ = {isa = PBXFileReference; lastKnownFileType = file; path = "Outfit-Thin.ttf"; sourceTree = "<group>"; };
		C2F249862756D2FE005C6024 /* Outfit-Light.ttf */ = {isa = PBXFileReference; lastKnownFileType = file; path = "Outfit-Light.ttf"; sourceTree = "<group>"; };
		C2F249872756D2FE005C6024 /* Outfit-Medium.ttf */ = {isa = PBXFileReference; lastKnownFileType = file; path = "Outfit-Medium.ttf"; sourceTree = "<group>"; };
		C2F2498B2756D4B8005C6024 /* SectionTitle.swift */ = {isa = PBXFileReference; lastKnownFileType = sourcecode.swift; path = SectionTitle.swift; sourceTree = "<group>"; };
		C2F2498E2756D5B9005C6024 /* Color+Extension.swift */ = {isa = PBXFileReference; lastKnownFileType = sourcecode.swift; path = "Color+Extension.swift"; sourceTree = "<group>"; };
		C2F249902756DDB0005C6024 /* View+Extension.swift */ = {isa = PBXFileReference; lastKnownFileType = sourcecode.swift; path = "View+Extension.swift"; sourceTree = "<group>"; };
		C2F2499227579DF9005C6024 /* UserHeader.swift */ = {isa = PBXFileReference; lastKnownFileType = sourcecode.swift; path = UserHeader.swift; sourceTree = "<group>"; };
		C2F249942757AB5B005C6024 /* HomeViewModel.swift */ = {isa = PBXFileReference; lastKnownFileType = sourcecode.swift; path = HomeViewModel.swift; sourceTree = "<group>"; };
		C2F249962757B224005C6024 /* SectionGroup.swift */ = {isa = PBXFileReference; lastKnownFileType = sourcecode.swift; path = SectionGroup.swift; sourceTree = "<group>"; };
		C2F249982757B533005C6024 /* CellImageContainer.swift */ = {isa = PBXFileReference; lastKnownFileType = sourcecode.swift; path = CellImageContainer.swift; sourceTree = "<group>"; };
/* End PBXFileReference section */

/* Begin PBXFrameworksBuildPhase section */
		C2F2493D2756C8CB005C6024 /* Frameworks */ = {
			isa = PBXFrameworksBuildPhase;
			buildActionMask = 2147483647;
			files = (
			);
			runOnlyForDeploymentPostprocessing = 0;
		};
		C2F249532756C8D5005C6024 /* Frameworks */ = {
			isa = PBXFrameworksBuildPhase;
			buildActionMask = 2147483647;
			files = (
			);
			runOnlyForDeploymentPostprocessing = 0;
		};
		C2F2495D2756C8D5005C6024 /* Frameworks */ = {
			isa = PBXFrameworksBuildPhase;
			buildActionMask = 2147483647;
			files = (
			);
			runOnlyForDeploymentPostprocessing = 0;
		};
/* End PBXFrameworksBuildPhase section */

/* Begin PBXGroup section */
		C2F249372756C8CB005C6024 = {
			isa = PBXGroup;
			children = (
				C2F249422756C8CB005C6024 /* DigioTest */,
				C2F249592756C8D5005C6024 /* DigioTestTests */,
				C2F249632756C8D5005C6024 /* DigioTestUITests */,
				C2F249412756C8CB005C6024 /* Products */,
			);
			sourceTree = "<group>";
		};
		C2F249412756C8CB005C6024 /* Products */ = {
			isa = PBXGroup;
			children = (
				C2F249402756C8CB005C6024 /* DigioTest.app */,
				C2F249562756C8D5005C6024 /* DigioTestTests.xctest */,
				C2F249602756C8D5005C6024 /* DigioTestUITests.xctest */,
			);
			name = Products;
			sourceTree = "<group>";
		};
		C2F249422756C8CB005C6024 /* DigioTest */ = {
			isa = PBXGroup;
			children = (
				C2F249832756D2EC005C6024 /* Assets */,
				C2F249732756CAD5005C6024 /* Common */,
				C2F2498D2756D58A005C6024 /* Extensions */,
				C2F249742756CC74005C6024 /* Models */,
				C2F249752756CCA5005C6024 /* ViewModels */,
				C2F249762756CCB7005C6024 /* Views */,
				C2F249822756CEEA005C6024 /* UIComponents */,
				C2F249512756C8D4005C6024 /* Info.plist */,
			);
			path = DigioTest;
			sourceTree = "<group>";
		};
		C2F249592756C8D5005C6024 /* DigioTestTests */ = {
			isa = PBXGroup;
			children = (
				C2F2495A2756C8D5005C6024 /* DigioTestTests.swift */,
			);
			path = DigioTestTests;
			sourceTree = "<group>";
		};
		C2F249632756C8D5005C6024 /* DigioTestUITests */ = {
			isa = PBXGroup;
			children = (
				C2F249642756C8D5005C6024 /* DigioTestUITests.swift */,
				C2F249662756C8D5005C6024 /* DigioTestUITestsLaunchTests.swift */,
			);
			path = DigioTestUITests;
			sourceTree = "<group>";
		};
		C2F249732756CAD5005C6024 /* Common */ = {
			isa = PBXGroup;
			children = (
				C2F249492756C8CB005C6024 /* Main.storyboard */,
				C2F2494E2756C8D4005C6024 /* LaunchScreen.storyboard */,
				C2F249432756C8CB005C6024 /* AppDelegate.swift */,
				C2F249452756C8CB005C6024 /* SceneDelegate.swift */,
				C2F249472756C8CB005C6024 /* ViewController.swift */,
			);
			path = Common;
			sourceTree = "<group>";
		};
		C2F249742756CC74005C6024 /* Models */ = {
			isa = PBXGroup;
			children = (
			);
			path = Models;
			sourceTree = "<group>";
		};
		C2F249752756CCA5005C6024 /* ViewModels */ = {
			isa = PBXGroup;
			children = (
				C2F249942757AB5B005C6024 /* HomeViewModel.swift */,
			);
			path = ViewModels;
			sourceTree = "<group>";
		};
		C2F249762756CCB7005C6024 /* Views */ = {
			isa = PBXGroup;
			children = (
				C2F249772756CCCB005C6024 /* Home */,
				C2F2497A2756CD44005C6024 /* Product */,
			);
			path = Views;
			sourceTree = "<group>";
		};
		C2F249772756CCCB005C6024 /* Home */ = {
			isa = PBXGroup;
			children = (
				C2F249782756CCE1005C6024 /* HomeViewController.swift */,
				C2F2497D2756CE3D005C6024 /* HomeView.swift */,
			);
			path = Home;
			sourceTree = "<group>";
		};
		C2F2497A2756CD44005C6024 /* Product */ = {
			isa = PBXGroup;
			children = (
				C2F2497B2756CD94005C6024 /* ProductViewController.swift */,
				C2F249802756CED8005C6024 /* ProductView.swift */,
			);
			path = Product;
			sourceTree = "<group>";
		};
		C2F249822756CEEA005C6024 /* UIComponents */ = {
			isa = PBXGroup;
			children = (
				C2F2498B2756D4B8005C6024 /* SectionTitle.swift */,
				C2F249962757B224005C6024 /* SectionGroup.swift */,
				C2F2499227579DF9005C6024 /* UserHeader.swift */,
				C2F249982757B533005C6024 /* CellImageContainer.swift */,
			);
			path = UIComponents;
			sourceTree = "<group>";
		};
		C2F249832756D2EC005C6024 /* Assets */ = {
			isa = PBXGroup;
			children = (
				C2F249842756D2F4005C6024 /* Fonts */,
				C2F2494C2756C8D4005C6024 /* Assets.xcassets */,
			);
			path = Assets;
			sourceTree = "<group>";
		};
		C2F249842756D2F4005C6024 /* Fonts */ = {
			isa = PBXGroup;
			children = (
				C2F249862756D2FE005C6024 /* Outfit-Light.ttf */,
				C2F249872756D2FE005C6024 /* Outfit-Medium.ttf */,
				C2F249852756D2FE005C6024 /* Outfit-Thin.ttf */,
			);
			path = Fonts;
			sourceTree = "<group>";
		};
		C2F2498D2756D58A005C6024 /* Extensions */ = {
			isa = PBXGroup;
			children = (
				C2F2498E2756D5B9005C6024 /* Color+Extension.swift */,
				C2F249902756DDB0005C6024 /* View+Extension.swift */,
			);
			path = Extensions;
			sourceTree = "<group>";
		};
/* End PBXGroup section */

/* Begin PBXNativeTarget section */
		C2F2493F2756C8CB005C6024 /* DigioTest */ = {
			isa = PBXNativeTarget;
			buildConfigurationList = C2F2496A2756C8D5005C6024 /* Build configuration list for PBXNativeTarget "DigioTest" */;
			buildPhases = (
				C2F2493C2756C8CB005C6024 /* Sources */,
				C2F2493D2756C8CB005C6024 /* Frameworks */,
				C2F2493E2756C8CB005C6024 /* Resources */,
			);
			buildRules = (
			);
			dependencies = (
			);
			name = DigioTest;
			productName = DigioTest;
			productReference = C2F249402756C8CB005C6024 /* DigioTest.app */;
			productType = "com.apple.product-type.application";
		};
		C2F249552756C8D5005C6024 /* DigioTestTests */ = {
			isa = PBXNativeTarget;
			buildConfigurationList = C2F2496D2756C8D5005C6024 /* Build configuration list for PBXNativeTarget "DigioTestTests" */;
			buildPhases = (
				C2F249522756C8D5005C6024 /* Sources */,
				C2F249532756C8D5005C6024 /* Frameworks */,
				C2F249542756C8D5005C6024 /* Resources */,
			);
			buildRules = (
			);
			dependencies = (
				C2F249582756C8D5005C6024 /* PBXTargetDependency */,
			);
			name = DigioTestTests;
			productName = DigioTestTests;
			productReference = C2F249562756C8D5005C6024 /* DigioTestTests.xctest */;
			productType = "com.apple.product-type.bundle.unit-test";
		};
		C2F2495F2756C8D5005C6024 /* DigioTestUITests */ = {
			isa = PBXNativeTarget;
			buildConfigurationList = C2F249702756C8D5005C6024 /* Build configuration list for PBXNativeTarget "DigioTestUITests" */;
			buildPhases = (
				C2F2495C2756C8D5005C6024 /* Sources */,
				C2F2495D2756C8D5005C6024 /* Frameworks */,
				C2F2495E2756C8D5005C6024 /* Resources */,
			);
			buildRules = (
			);
			dependencies = (
				C2F249622756C8D5005C6024 /* PBXTargetDependency */,
			);
			name = DigioTestUITests;
			productName = DigioTestUITests;
			productReference = C2F249602756C8D5005C6024 /* DigioTestUITests.xctest */;
			productType = "com.apple.product-type.bundle.ui-testing";
		};
/* End PBXNativeTarget section */

/* Begin PBXProject section */
		C2F249382756C8CB005C6024 /* Project object */ = {
			isa = PBXProject;
			attributes = {
				BuildIndependentTargetsInParallel = 1;
				LastSwiftUpdateCheck = 1300;
				LastUpgradeCheck = 1300;
				TargetAttributes = {
					C2F2493F2756C8CB005C6024 = {
						CreatedOnToolsVersion = 13.0;
					};
					C2F249552756C8D5005C6024 = {
						CreatedOnToolsVersion = 13.0;
						TestTargetID = C2F2493F2756C8CB005C6024;
					};
					C2F2495F2756C8D5005C6024 = {
						CreatedOnToolsVersion = 13.0;
						TestTargetID = C2F2493F2756C8CB005C6024;
					};
				};
			};
			buildConfigurationList = C2F2493B2756C8CB005C6024 /* Build configuration list for PBXProject "DigioTest" */;
			compatibilityVersion = "Xcode 13.0";
			developmentRegion = en;
			hasScannedForEncodings = 0;
			knownRegions = (
				en,
				Base,
			);
			mainGroup = C2F249372756C8CB005C6024;
			productRefGroup = C2F249412756C8CB005C6024 /* Products */;
			projectDirPath = "";
			projectRoot = "";
			targets = (
				C2F2493F2756C8CB005C6024 /* DigioTest */,
				C2F249552756C8D5005C6024 /* DigioTestTests */,
				C2F2495F2756C8D5005C6024 /* DigioTestUITests */,
			);
		};
/* End PBXProject section */

/* Begin PBXResourcesBuildPhase section */
		C2F2493E2756C8CB005C6024 /* Resources */ = {
			isa = PBXResourcesBuildPhase;
			buildActionMask = 2147483647;
			files = (
				C2F249502756C8D4005C6024 /* LaunchScreen.storyboard in Resources */,
				C2F2494D2756C8D4005C6024 /* Assets.xcassets in Resources */,
				C2F249882756D2FE005C6024 /* Outfit-Thin.ttf in Resources */,
				C2F2494B2756C8CB005C6024 /* Main.storyboard in Resources */,
				C2F2498A2756D2FE005C6024 /* Outfit-Medium.ttf in Resources */,
				C2F249892756D2FE005C6024 /* Outfit-Light.ttf in Resources */,
			);
			runOnlyForDeploymentPostprocessing = 0;
		};
		C2F249542756C8D5005C6024 /* Resources */ = {
			isa = PBXResourcesBuildPhase;
			buildActionMask = 2147483647;
			files = (
			);
			runOnlyForDeploymentPostprocessing = 0;
		};
		C2F2495E2756C8D5005C6024 /* Resources */ = {
			isa = PBXResourcesBuildPhase;
			buildActionMask = 2147483647;
			files = (
			);
			runOnlyForDeploymentPostprocessing = 0;
		};
/* End PBXResourcesBuildPhase section */

/* Begin PBXSourcesBuildPhase section */
		C2F2493C2756C8CB005C6024 /* Sources */ = {
			isa = PBXSourcesBuildPhase;
			buildActionMask = 2147483647;
			files = (
				C2F2499327579DF9005C6024 /* UserHeader.swift in Sources */,
				C2F249482756C8CB005C6024 /* ViewController.swift in Sources */,
				C2F2498F2756D5B9005C6024 /* Color+Extension.swift in Sources */,
				C2F249992757B533005C6024 /* CellImageContainer.swift in Sources */,
				C2F249912756DDB0005C6024 /* View+Extension.swift in Sources */,
				C2F249442756C8CB005C6024 /* AppDelegate.swift in Sources */,
				C2F249462756C8CB005C6024 /* SceneDelegate.swift in Sources */,
				C2F2497E2756CE3D005C6024 /* HomeView.swift in Sources */,
				C2F249952757AB5B005C6024 /* HomeViewModel.swift in Sources */,
				C2F2498C2756D4B8005C6024 /* SectionTitle.swift in Sources */,
				C2F249972757B224005C6024 /* SectionGroup.swift in Sources */,
				C2F249812756CED8005C6024 /* ProductView.swift in Sources */,
				C2F2497C2756CD95005C6024 /* ProductViewController.swift in Sources */,
				C2F249792756CCE1005C6024 /* HomeViewController.swift in Sources */,
			);
			runOnlyForDeploymentPostprocessing = 0;
		};
		C2F249522756C8D5005C6024 /* Sources */ = {
			isa = PBXSourcesBuildPhase;
			buildActionMask = 2147483647;
			files = (
				C2F2495B2756C8D5005C6024 /* DigioTestTests.swift in Sources */,
			);
			runOnlyForDeploymentPostprocessing = 0;
		};
		C2F2495C2756C8D5005C6024 /* Sources */ = {
			isa = PBXSourcesBuildPhase;
			buildActionMask = 2147483647;
			files = (
				C2F249652756C8D5005C6024 /* DigioTestUITests.swift in Sources */,
				C2F249672756C8D5005C6024 /* DigioTestUITestsLaunchTests.swift in Sources */,
			);
			runOnlyForDeploymentPostprocessing = 0;
		};
/* End PBXSourcesBuildPhase section */

/* Begin PBXTargetDependency section */
		C2F249582756C8D5005C6024 /* PBXTargetDependency */ = {
			isa = PBXTargetDependency;
			target = C2F2493F2756C8CB005C6024 /* DigioTest */;
			targetProxy = C2F249572756C8D5005C6024 /* PBXContainerItemProxy */;
		};
		C2F249622756C8D5005C6024 /* PBXTargetDependency */ = {
			isa = PBXTargetDependency;
			target = C2F2493F2756C8CB005C6024 /* DigioTest */;
			targetProxy = C2F249612756C8D5005C6024 /* PBXContainerItemProxy */;
		};
/* End PBXTargetDependency section */

/* Begin PBXVariantGroup section */
		C2F249492756C8CB005C6024 /* Main.storyboard */ = {
			isa = PBXVariantGroup;
			children = (
				C2F2494A2756C8CB005C6024 /* Base */,
			);
			name = Main.storyboard;
			sourceTree = "<group>";
		};
		C2F2494E2756C8D4005C6024 /* LaunchScreen.storyboard */ = {
			isa = PBXVariantGroup;
			children = (
				C2F2494F2756C8D4005C6024 /* Base */,
			);
			name = LaunchScreen.storyboard;
			sourceTree = "<group>";
		};
/* End PBXVariantGroup section */

/* Begin XCBuildConfiguration section */
		C2F249682756C8D5005C6024 /* Debug */ = {
			isa = XCBuildConfiguration;
			buildSettings = {
				ALWAYS_SEARCH_USER_PATHS = NO;
				CLANG_ANALYZER_NONNULL = YES;
				CLANG_ANALYZER_NUMBER_OBJECT_CONVERSION = YES_AGGRESSIVE;
				CLANG_CXX_LANGUAGE_STANDARD = "gnu++17";
				CLANG_CXX_LIBRARY = "libc++";
				CLANG_ENABLE_MODULES = YES;
				CLANG_ENABLE_OBJC_ARC = YES;
				CLANG_ENABLE_OBJC_WEAK = YES;
				CLANG_WARN_BLOCK_CAPTURE_AUTORELEASING = YES;
				CLANG_WARN_BOOL_CONVERSION = YES;
				CLANG_WARN_COMMA = YES;
				CLANG_WARN_CONSTANT_CONVERSION = YES;
				CLANG_WARN_DEPRECATED_OBJC_IMPLEMENTATIONS = YES;
				CLANG_WARN_DIRECT_OBJC_ISA_USAGE = YES_ERROR;
				CLANG_WARN_DOCUMENTATION_COMMENTS = YES;
				CLANG_WARN_EMPTY_BODY = YES;
				CLANG_WARN_ENUM_CONVERSION = YES;
				CLANG_WARN_INFINITE_RECURSION = YES;
				CLANG_WARN_INT_CONVERSION = YES;
				CLANG_WARN_NON_LITERAL_NULL_CONVERSION = YES;
				CLANG_WARN_OBJC_IMPLICIT_RETAIN_SELF = YES;
				CLANG_WARN_OBJC_LITERAL_CONVERSION = YES;
				CLANG_WARN_OBJC_ROOT_CLASS = YES_ERROR;
				CLANG_WARN_QUOTED_INCLUDE_IN_FRAMEWORK_HEADER = YES;
				CLANG_WARN_RANGE_LOOP_ANALYSIS = YES;
				CLANG_WARN_STRICT_PROTOTYPES = YES;
				CLANG_WARN_SUSPICIOUS_MOVE = YES;
				CLANG_WARN_UNGUARDED_AVAILABILITY = YES_AGGRESSIVE;
				CLANG_WARN_UNREACHABLE_CODE = YES;
				CLANG_WARN__DUPLICATE_METHOD_MATCH = YES;
				COPY_PHASE_STRIP = NO;
				DEBUG_INFORMATION_FORMAT = dwarf;
				ENABLE_STRICT_OBJC_MSGSEND = YES;
				ENABLE_TESTABILITY = YES;
				GCC_C_LANGUAGE_STANDARD = gnu11;
				GCC_DYNAMIC_NO_PIC = NO;
				GCC_NO_COMMON_BLOCKS = YES;
				GCC_OPTIMIZATION_LEVEL = 0;
				GCC_PREPROCESSOR_DEFINITIONS = (
					"DEBUG=1",
					"$(inherited)",
				);
				GCC_WARN_64_TO_32_BIT_CONVERSION = YES;
				GCC_WARN_ABOUT_RETURN_TYPE = YES_ERROR;
				GCC_WARN_UNDECLARED_SELECTOR = YES;
				GCC_WARN_UNINITIALIZED_AUTOS = YES_AGGRESSIVE;
				GCC_WARN_UNUSED_FUNCTION = YES;
				GCC_WARN_UNUSED_VARIABLE = YES;
				IPHONEOS_DEPLOYMENT_TARGET = 15.0;
				MTL_ENABLE_DEBUG_INFO = INCLUDE_SOURCE;
				MTL_FAST_MATH = YES;
				ONLY_ACTIVE_ARCH = YES;
				SDKROOT = iphoneos;
				SWIFT_ACTIVE_COMPILATION_CONDITIONS = DEBUG;
				SWIFT_OPTIMIZATION_LEVEL = "-Onone";
			};
			name = Debug;
		};
		C2F249692756C8D5005C6024 /* Release */ = {
			isa = XCBuildConfiguration;
			buildSettings = {
				ALWAYS_SEARCH_USER_PATHS = NO;
				CLANG_ANALYZER_NONNULL = YES;
				CLANG_ANALYZER_NUMBER_OBJECT_CONVERSION = YES_AGGRESSIVE;
				CLANG_CXX_LANGUAGE_STANDARD = "gnu++17";
				CLANG_CXX_LIBRARY = "libc++";
				CLANG_ENABLE_MODULES = YES;
				CLANG_ENABLE_OBJC_ARC = YES;
				CLANG_ENABLE_OBJC_WEAK = YES;
				CLANG_WARN_BLOCK_CAPTURE_AUTORELEASING = YES;
				CLANG_WARN_BOOL_CONVERSION = YES;
				CLANG_WARN_COMMA = YES;
				CLANG_WARN_CONSTANT_CONVERSION = YES;
				CLANG_WARN_DEPRECATED_OBJC_IMPLEMENTATIONS = YES;
				CLANG_WARN_DIRECT_OBJC_ISA_USAGE = YES_ERROR;
				CLANG_WARN_DOCUMENTATION_COMMENTS = YES;
				CLANG_WARN_EMPTY_BODY = YES;
				CLANG_WARN_ENUM_CONVERSION = YES;
				CLANG_WARN_INFINITE_RECURSION = YES;
				CLANG_WARN_INT_CONVERSION = YES;
				CLANG_WARN_NON_LITERAL_NULL_CONVERSION = YES;
				CLANG_WARN_OBJC_IMPLICIT_RETAIN_SELF = YES;
				CLANG_WARN_OBJC_LITERAL_CONVERSION = YES;
				CLANG_WARN_OBJC_ROOT_CLASS = YES_ERROR;
				CLANG_WARN_QUOTED_INCLUDE_IN_FRAMEWORK_HEADER = YES;
				CLANG_WARN_RANGE_LOOP_ANALYSIS = YES;
				CLANG_WARN_STRICT_PROTOTYPES = YES;
				CLANG_WARN_SUSPICIOUS_MOVE = YES;
				CLANG_WARN_UNGUARDED_AVAILABILITY = YES_AGGRESSIVE;
				CLANG_WARN_UNREACHABLE_CODE = YES;
				CLANG_WARN__DUPLICATE_METHOD_MATCH = YES;
				COPY_PHASE_STRIP = NO;
				DEBUG_INFORMATION_FORMAT = "dwarf-with-dsym";
				ENABLE_NS_ASSERTIONS = NO;
				ENABLE_STRICT_OBJC_MSGSEND = YES;
				GCC_C_LANGUAGE_STANDARD = gnu11;
				GCC_NO_COMMON_BLOCKS = YES;
				GCC_WARN_64_TO_32_BIT_CONVERSION = YES;
				GCC_WARN_ABOUT_RETURN_TYPE = YES_ERROR;
				GCC_WARN_UNDECLARED_SELECTOR = YES;
				GCC_WARN_UNINITIALIZED_AUTOS = YES_AGGRESSIVE;
				GCC_WARN_UNUSED_FUNCTION = YES;
				GCC_WARN_UNUSED_VARIABLE = YES;
				IPHONEOS_DEPLOYMENT_TARGET = 15.0;
				MTL_ENABLE_DEBUG_INFO = NO;
				MTL_FAST_MATH = YES;
				SDKROOT = iphoneos;
				SWIFT_COMPILATION_MODE = wholemodule;
				SWIFT_OPTIMIZATION_LEVEL = "-O";
				VALIDATE_PRODUCT = YES;
			};
			name = Release;
		};
		C2F2496B2756C8D5005C6024 /* Debug */ = {
			isa = XCBuildConfiguration;
			buildSettings = {
				ASSETCATALOG_COMPILER_APPICON_NAME = AppIcon;
				ASSETCATALOG_COMPILER_GLOBAL_ACCENT_COLOR_NAME = AccentColor;
				CODE_SIGN_STYLE = Automatic;
				CURRENT_PROJECT_VERSION = 1;
				GENERATE_INFOPLIST_FILE = YES;
				INFOPLIST_FILE = DigioTest/Info.plist;
				INFOPLIST_KEY_UIApplicationSupportsIndirectInputEvents = YES;
				INFOPLIST_KEY_UILaunchStoryboardName = LaunchScreen;
				INFOPLIST_KEY_UIMainStoryboardFile = Main;
				INFOPLIST_KEY_UISupportedInterfaceOrientations_iPad = "UIInterfaceOrientationPortrait UIInterfaceOrientationPortraitUpsideDown UIInterfaceOrientationLandscapeLeft UIInterfaceOrientationLandscapeRight";
				INFOPLIST_KEY_UISupportedInterfaceOrientations_iPhone = "UIInterfaceOrientationPortrait UIInterfaceOrientationLandscapeLeft UIInterfaceOrientationLandscapeRight";
				LD_RUNPATH_SEARCH_PATHS = (
					"$(inherited)",
					"@executable_path/Frameworks",
				);
				MARKETING_VERSION = 1.0;
				PRODUCT_BUNDLE_IDENTIFIER = tcasablancas.DigioTest;
				PRODUCT_NAME = "$(TARGET_NAME)";
				SWIFT_EMIT_LOC_STRINGS = YES;
				SWIFT_VERSION = 5.0;
				TARGETED_DEVICE_FAMILY = "1,2";
			};
			name = Debug;
		};
		C2F2496C2756C8D5005C6024 /* Release */ = {
			isa = XCBuildConfiguration;
			buildSettings = {
				ASSETCATALOG_COMPILER_APPICON_NAME = AppIcon;
				ASSETCATALOG_COMPILER_GLOBAL_ACCENT_COLOR_NAME = AccentColor;
				CODE_SIGN_STYLE = Automatic;
				CURRENT_PROJECT_VERSION = 1;
				GENERATE_INFOPLIST_FILE = YES;
				INFOPLIST_FILE = DigioTest/Info.plist;
				INFOPLIST_KEY_UIApplicationSupportsIndirectInputEvents = YES;
				INFOPLIST_KEY_UILaunchStoryboardName = LaunchScreen;
				INFOPLIST_KEY_UIMainStoryboardFile = Main;
				INFOPLIST_KEY_UISupportedInterfaceOrientations_iPad = "UIInterfaceOrientationPortrait UIInterfaceOrientationPortraitUpsideDown UIInterfaceOrientationLandscapeLeft UIInterfaceOrientationLandscapeRight";
				INFOPLIST_KEY_UISupportedInterfaceOrientations_iPhone = "UIInterfaceOrientationPortrait UIInterfaceOrientationLandscapeLeft UIInterfaceOrientationLandscapeRight";
				LD_RUNPATH_SEARCH_PATHS = (
					"$(inherited)",
					"@executable_path/Frameworks",
				);
				MARKETING_VERSION = 1.0;
				PRODUCT_BUNDLE_IDENTIFIER = tcasablancas.DigioTest;
				PRODUCT_NAME = "$(TARGET_NAME)";
				SWIFT_EMIT_LOC_STRINGS = YES;
				SWIFT_VERSION = 5.0;
				TARGETED_DEVICE_FAMILY = "1,2";
			};
			name = Release;
		};
		C2F2496E2756C8D5005C6024 /* Debug */ = {
			isa = XCBuildConfiguration;
			buildSettings = {
				ALWAYS_EMBED_SWIFT_STANDARD_LIBRARIES = YES;
				BUNDLE_LOADER = "$(TEST_HOST)";
				CODE_SIGN_STYLE = Automatic;
				CURRENT_PROJECT_VERSION = 1;
				GENERATE_INFOPLIST_FILE = YES;
				IPHONEOS_DEPLOYMENT_TARGET = 15.0;
				LD_RUNPATH_SEARCH_PATHS = (
					"$(inherited)",
					"@executable_path/Frameworks",
					"@loader_path/Frameworks",
				);
				MARKETING_VERSION = 1.0;
				PRODUCT_BUNDLE_IDENTIFIER = tcasablancas.DigioTestTests;
				PRODUCT_NAME = "$(TARGET_NAME)";
				SWIFT_EMIT_LOC_STRINGS = NO;
				SWIFT_VERSION = 5.0;
				TARGETED_DEVICE_FAMILY = "1,2";
				TEST_HOST = "$(BUILT_PRODUCTS_DIR)/DigioTest.app/DigioTest";
			};
			name = Debug;
		};
		C2F2496F2756C8D5005C6024 /* Release */ = {
			isa = XCBuildConfiguration;
			buildSettings = {
				ALWAYS_EMBED_SWIFT_STANDARD_LIBRARIES = YES;
				BUNDLE_LOADER = "$(TEST_HOST)";
				CODE_SIGN_STYLE = Automatic;
				CURRENT_PROJECT_VERSION = 1;
				GENERATE_INFOPLIST_FILE = YES;
				IPHONEOS_DEPLOYMENT_TARGET = 15.0;
				LD_RUNPATH_SEARCH_PATHS = (
					"$(inherited)",
					"@executable_path/Frameworks",
					"@loader_path/Frameworks",
				);
				MARKETING_VERSION = 1.0;
				PRODUCT_BUNDLE_IDENTIFIER = tcasablancas.DigioTestTests;
				PRODUCT_NAME = "$(TARGET_NAME)";
				SWIFT_EMIT_LOC_STRINGS = NO;
				SWIFT_VERSION = 5.0;
				TARGETED_DEVICE_FAMILY = "1,2";
				TEST_HOST = "$(BUILT_PRODUCTS_DIR)/DigioTest.app/DigioTest";
			};
			name = Release;
		};
		C2F249712756C8D5005C6024 /* Debug */ = {
			isa = XCBuildConfiguration;
			buildSettings = {
				ALWAYS_EMBED_SWIFT_STANDARD_LIBRARIES = YES;
				CODE_SIGN_STYLE = Automatic;
				CURRENT_PROJECT_VERSION = 1;
				GENERATE_INFOPLIST_FILE = YES;
				LD_RUNPATH_SEARCH_PATHS = (
					"$(inherited)",
					"@executable_path/Frameworks",
					"@loader_path/Frameworks",
				);
				MARKETING_VERSION = 1.0;
				PRODUCT_BUNDLE_IDENTIFIER = tcasablancas.DigioTestUITests;
				PRODUCT_NAME = "$(TARGET_NAME)";
				SWIFT_EMIT_LOC_STRINGS = NO;
				SWIFT_VERSION = 5.0;
				TARGETED_DEVICE_FAMILY = "1,2";
				TEST_TARGET_NAME = DigioTest;
			};
			name = Debug;
		};
		C2F249722756C8D5005C6024 /* Release */ = {
			isa = XCBuildConfiguration;
			buildSettings = {
				ALWAYS_EMBED_SWIFT_STANDARD_LIBRARIES = YES;
				CODE_SIGN_STYLE = Automatic;
				CURRENT_PROJECT_VERSION = 1;
				GENERATE_INFOPLIST_FILE = YES;
				LD_RUNPATH_SEARCH_PATHS = (
					"$(inherited)",
					"@executable_path/Frameworks",
					"@loader_path/Frameworks",
				);
				MARKETING_VERSION = 1.0;
				PRODUCT_BUNDLE_IDENTIFIER = tcasablancas.DigioTestUITests;
				PRODUCT_NAME = "$(TARGET_NAME)";
				SWIFT_EMIT_LOC_STRINGS = NO;
				SWIFT_VERSION = 5.0;
				TARGETED_DEVICE_FAMILY = "1,2";
				TEST_TARGET_NAME = DigioTest;
			};
			name = Release;
		};
/* End XCBuildConfiguration section */

/* Begin XCConfigurationList section */
		C2F2493B2756C8CB005C6024 /* Build configuration list for PBXProject "DigioTest" */ = {
			isa = XCConfigurationList;
			buildConfigurations = (
				C2F249682756C8D5005C6024 /* Debug */,
				C2F249692756C8D5005C6024 /* Release */,
			);
			defaultConfigurationIsVisible = 0;
			defaultConfigurationName = Release;
		};
		C2F2496A2756C8D5005C6024 /* Build configuration list for PBXNativeTarget "DigioTest" */ = {
			isa = XCConfigurationList;
			buildConfigurations = (
				C2F2496B2756C8D5005C6024 /* Debug */,
				C2F2496C2756C8D5005C6024 /* Release */,
			);
			defaultConfigurationIsVisible = 0;
			defaultConfigurationName = Release;
		};
		C2F2496D2756C8D5005C6024 /* Build configuration list for PBXNativeTarget "DigioTestTests" */ = {
			isa = XCConfigurationList;
			buildConfigurations = (
				C2F2496E2756C8D5005C6024 /* Debug */,
				C2F2496F2756C8D5005C6024 /* Release */,
			);
			defaultConfigurationIsVisible = 0;
			defaultConfigurationName = Release;
		};
		C2F249702756C8D5005C6024 /* Build configuration list for PBXNativeTarget "DigioTestUITests" */ = {
			isa = XCConfigurationList;
			buildConfigurations = (
				C2F249712756C8D5005C6024 /* Debug */,
				C2F249722756C8D5005C6024 /* Release */,
			);
			defaultConfigurationIsVisible = 0;
			defaultConfigurationName = Release;
		};
/* End XCConfigurationList section */
	};
	rootObject = C2F249382756C8CB005C6024 /* Project object */;
}
